
Microsoft Visual Studio Solution File, Format Version 12.00
# Visual Studio 15
VisualStudioVersion = 15.0.26430.6
MinimumVisualStudioVersion = 10.0.40219.1
Project("{FAE04EC0-301F-11D3-BF4B-00C04F79EFBC}") = "01.SumMatrixElements", "03.Multidimensional Arrays-Lab\01.SumMatrixElements.csproj", "{9A33B299-C2E8-4A6E-B9A4-C1F7E64F2E51}"
EndProject
Project("{FAE04EC0-301F-11D3-BF4B-00C04F79EFBC}") = "02.SquareWithMaximumSum", "02.SquareWithMaximumSum\02.SquareWithMaximumSum.csproj", "{81BEF795-1036-4079-BCAD-44471D6D72F2}"
EndProject
Project("{FAE04EC0-301F-11D3-BF4B-00C04F79EFBC}") = "03.GroupNumbers", "03.GroupNumbers\03.GroupNumbers.csproj", "{6CAD6ABC-FABE-4CB4-AD01-29E8CB53E27B}"
EndProject
Project("{FAE04EC0-301F-11D3-BF4B-00C04F79EFBC}") = "04.PascalTriangle", "04.PascalTriangle\04.PascalTriangle.csproj", "{A7B5D7EF-E601-46AF-B9DF-FECF7513DD68}"
EndProject
Global
	GlobalSection(SolutionConfigurationPlatforms) = preSolution
		Debug|Any CPU = Debug|Any CPU
		Release|Any CPU = Release|Any CPU
	EndGlobalSection
	GlobalSection(ProjectConfigurationPlatforms) = postSolution
		{9A33B299-C2E8-4A6E-B9A4-C1F7E64F2E51}.Debug|Any CPU.ActiveCfg = Debug|Any CPU
		{9A33B299-C2E8-4A6E-B9A4-C1F7E64F2E51}.Debug|Any CPU.Build.0 = Debug|Any CPU
		{9A33B299-C2E8-4A6E-B9A4-C1F7E64F2E51}.Release|Any CPU.ActiveCfg = Release|Any CPU
		{9A33B299-C2E8-4A6E-B9A4-C1F7E64F2E51}.Release|Any CPU.Build.0 = Release|Any CPU
		{81BEF795-1036-4079-BCAD-44471D6D72F2}.Debug|Any CPU.ActiveCfg = Debug|Any CPU
		{81BEF795-1036-4079-BCAD-44471D6D72F2}.Debug|Any CPU.Build.0 = Debug|Any CPU
		{81BEF795-1036-4079-BCAD-44471D6D72F2}.Release|Any CPU.ActiveCfg = Release|Any CPU
		{81BEF795-1036-4079-BCAD-44471D6D72F2}.Release|Any CPU.Build.0 = Release|Any CPU
		{6CAD6ABC-FABE-4CB4-AD01-29E8CB53E27B}.Debug|Any CPU.ActiveCfg = Debug|Any CPU
		{6CAD6ABC-FABE-4CB4-AD01-29E8CB53E27B}.Debug|Any CPU.Build.0 = Debug|Any CPU
		{6CAD6ABC-FABE-4CB4-AD01-29E8CB53E27B}.Release|Any CPU.ActiveCfg = Release|Any CPU
		{6CAD6ABC-FABE-4CB4-AD01-29E8CB53E27B}.Release|Any CPU.Build.0 = Release|Any CPU
		{A7B5D7EF-E601-46AF-B9DF-FECF7513DD68}.Debug|Any CPU.ActiveCfg = Debug|Any CPU
		{A7B5D7EF-E601-46AF-B9DF-FECF7513DD68}.Debug|Any CPU.Build.0 = Debug|Any CPU
		{A7B5D7EF-E601-46AF-B9DF-FECF7513DD68}.Release|Any CPU.ActiveCfg = Release|Any CPU
		{A7B5D7EF-E601-46AF-B9DF-FECF7513DD68}.Release|Any CPU.Build.0 = Release|Any CPU
	EndGlobalSection
	GlobalSection(SolutionProperties) = preSolution
		HideSolutionNode = FALSE
	EndGlobalSection
EndGlobal
